
Microsoft Visual Studio Solution File, Format Version 12.00
# Visual Studio 15
VisualStudioVersion = 15.0.28307.1267
MinimumVisualStudioVersion = 10.0.40219.1
Project("{FAE04EC0-301F-11D3-BF4B-00C04F79EFBC}") = "WebAPI", "Web API\WebAPI.csproj", "{AB80DAF1-52C7-4B3F-B2D3-5A2EFA3001D0}"
EndProject
Global
	GlobalSection(SolutionConfigurationPlatforms) = preSolution
		Debug|Any CPU = Debug|Any CPU
		Release|Any CPU = Release|Any CPU
	EndGlobalSection
	GlobalSection(ProjectConfigurationPlatforms) = postSolution
		{AB80DAF1-52C7-4B3F-B2D3-5A2EFA3001D0}.Debug|Any CPU.ActiveCfg = Debug|Any CPU
		{AB80DAF1-52C7-4B3F-B2D3-5A2EFA3001D0}.Debug|Any CPU.Build.0 = Debug|Any CPU
		{AB80DAF1-52C7-4B3F-B2D3-5A2EFA3001D0}.Release|Any CPU.ActiveCfg = Release|Any CPU
		{AB80DAF1-52C7-4B3F-B2D3-5A2EFA3001D0}.Release|Any CPU.Build.0 = Release|Any CPU
	EndGlobalSection
	GlobalSection(SolutionProperties) = preSolution
		HideSolutionNode = FALSE
	EndGlobalSection
	GlobalSection(ExtensibilityGlobals) = postSolution
		SolutionGuid = {A8F81BBD-02DD-4FA2-A589-B75B82088B4E}
	EndGlobalSection
EndGlobal
